import { Ionicons } from '@expo/vector-icons';
import { NavigationContainer } from '@react-navigation/native';
import { createBottomTabNavigator } from '@react-navigation/bottom-tabs';
import { useEffect, useState } from 'react';
import { View } from 'react-native';
import { HomeScreen } from '../features/dashboard/HomeScreen';
import { FeatureScreen } from '../features/placeholder/FeatureScreen';
import { ProfileScreen } from '../features/profile/ProfileScreen';
import { SplashScreen } from '../features/splash/SplashScreen';
import { LoginScreen } from '../features/auth/LoginScreen';
import { useAuth } from '../providers/AuthProvider';
import { colors } from '../theme';
const Tab = createBottomTabNavigator();
const placeholders = { Scan: ['camera-outline', 'Crop Disease Scan', 'Capture or upload a leaf photo for AI disease detection.'], Analytics: ['bar-chart-outline', 'Farm Analytics', 'View water use, crop health, yield and profit insights.'], Assistant: ['sparkles-outline', 'AI Assistant', 'Ask in English, Telugu, Hindi, Tamil, or Kannada.'] } as const;
function Tabs() { return <Tab.Navigator screenOptions={({ route }) => ({ headerShown: false, tabBarActiveTintColor: colors.green, tabBarInactiveTintColor: colors.muted, tabBarStyle: { height: 68, paddingTop: 7 }, tabBarLabelStyle: { fontSize: 10, fontWeight: '700' }, tabBarIcon: ({ color, size }) => <Ionicons name={(route.name === 'Home' ? 'home-outline' : route.name === 'Profile' ? 'person-outline' : placeholders[route.name as keyof typeof placeholders][0]) as keyof typeof Ionicons.glyphMap} color={color} size={size} /> })}><Tab.Screen name="Home" component={HomeScreen}/><Tab.Screen name="Scan">{() => <FeatureScreen icon="camera-outline" title="Crop Disease Scan" description="Capture or upload a leaf photo for AI disease detection."/>}</Tab.Screen><Tab.Screen name="Analytics">{() => <FeatureScreen icon="bar-chart-outline" title="Farm Analytics" description="View water use, crop health, yield and profit insights."/>}</Tab.Screen><Tab.Screen name="Assistant">{() => <FeatureScreen icon="sparkles-outline" title="AI Assistant" description="Ask in English, Telugu, Hindi, Tamil, or Kannada."/>}</Tab.Screen><Tab.Screen name="Profile" component={ProfileScreen}/></Tab.Navigator>; }
export function AppNavigator() { const { user, loading } = useAuth(); const [splash, setSplash] = useState(true); useEffect(() => { if (loading) return; }, [loading]); if (splash || loading) return <SplashScreen onDone={() => setSplash(false)} />; return <NavigationContainer>{user ? <Tabs /> : <LoginScreen />}</NavigationContainer>; }
